
Microsoft Visual Studio Solution File, Format Version 12.00
# Visual Studio 2013
VisualStudioVersion = 12.0.21005.1
MinimumVisualStudioVersion = 10.0.40219.1
Project("{FAE04EC0-301F-11D3-BF4B-00C04F79EFBC}") = "SkillsBook.Web", "SkillsBook.com\SkillsBook.Web.csproj", "{140D15A8-B132-40CF-8317-B8DB2AADFAEA}"
EndProject
Project("{FAE04EC0-301F-11D3-BF4B-00C04F79EFBC}") = "SkillsBook.Models", "SkillsBook.Models\SkillsBook.Models.csproj", "{5E2070FD-EAB3-4317-A7AD-93D5F5256790}"
EndProject
Global
	GlobalSection(SolutionConfigurationPlatforms) = preSolution
		Debug|Any CPU = Debug|Any CPU
		Release|Any CPU = Release|Any CPU
	EndGlobalSection
	GlobalSection(ProjectConfigurationPlatforms) = postSolution
		{140D15A8-B132-40CF-8317-B8DB2AADFAEA}.Debug|Any CPU.ActiveCfg = Debug|Any CPU
		{140D15A8-B132-40CF-8317-B8DB2AADFAEA}.Debug|Any CPU.Build.0 = Debug|Any CPU
		{140D15A8-B132-40CF-8317-B8DB2AADFAEA}.Release|Any CPU.ActiveCfg = Release|Any CPU
		{140D15A8-B132-40CF-8317-B8DB2AADFAEA}.Release|Any CPU.Build.0 = Release|Any CPU
		{5E2070FD-EAB3-4317-A7AD-93D5F5256790}.Debug|Any CPU.ActiveCfg = Debug|Any CPU
		{5E2070FD-EAB3-4317-A7AD-93D5F5256790}.Debug|Any CPU.Build.0 = Debug|Any CPU
		{5E2070FD-EAB3-4317-A7AD-93D5F5256790}.Release|Any CPU.ActiveCfg = Release|Any CPU
		{5E2070FD-EAB3-4317-A7AD-93D5F5256790}.Release|Any CPU.Build.0 = Release|Any CPU
	EndGlobalSection
	GlobalSection(SolutionProperties) = preSolution
		HideSolutionNode = FALSE
	EndGlobalSection
EndGlobal
